
Microsoft Visual Studio Solution File, Format Version 12.00
# Visual Studio 15
VisualStudioVersion = 15.0.28307.645
MinimumVisualStudioVersion = 10.0.40219.1
Project("{8BC9CEB8-8B4A-11D0-8D11-00A0C91BC942}") = "Project1", "Project1\Project1.vcxproj", "{7AAA1A9D-728C-412B-96ED-F4590C71E0CA}"
EndProject
Global
	GlobalSection(SolutionConfigurationPlatforms) = preSolution
		Debug|x64 = Debug|x64
		Debug|x86 = Debug|x86
		Release|x64 = Release|x64
		Release|x86 = Release|x86
	EndGlobalSection
	GlobalSection(ProjectConfigurationPlatforms) = postSolution
		{7AAA1A9D-728C-412B-96ED-F4590C71E0CA}.Debug|x64.ActiveCfg = Debug|x64
		{7AAA1A9D-728C-412B-96ED-F4590C71E0CA}.Debug|x64.Build.0 = Debug|x64
		{7AAA1A9D-728C-412B-96ED-F4590C71E0CA}.Debug|x86.ActiveCfg = Debug|Win32
		{7AAA1A9D-728C-412B-96ED-F4590C71E0CA}.Debug|x86.Build.0 = Debug|Win32
		{7AAA1A9D-728C-412B-96ED-F4590C71E0CA}.Release|x64.ActiveCfg = Release|x64
		{7AAA1A9D-728C-412B-96ED-F4590C71E0CA}.Release|x64.Build.0 = Release|x64
		{7AAA1A9D-728C-412B-96ED-F4590C71E0CA}.Release|x86.ActiveCfg = Release|Win32
		{7AAA1A9D-728C-412B-96ED-F4590C71E0CA}.Release|x86.Build.0 = Release|Win32
	EndGlobalSection
	GlobalSection(SolutionProperties) = preSolution
		HideSolutionNode = FALSE
	EndGlobalSection
	GlobalSection(ExtensibilityGlobals) = postSolution
		SolutionGuid = {FA441EF6-9377-4902-83D3-CBCB7A737CA9}
	EndGlobalSection
EndGlobal
