
Microsoft Visual Studio Solution File, Format Version 12.00
# Visual Studio 15
VisualStudioVersion = 15.0.28307.645
MinimumVisualStudioVersion = 10.0.40219.1
Project("{8BC9CEB8-8B4A-11D0-8D11-00A0C91BC942}") = "Project18", "Project18\Project18.vcxproj", "{A169FC11-A19C-4492-9DBA-35E8546294B3}"
EndProject
Global
	GlobalSection(SolutionConfigurationPlatforms) = preSolution
		Debug|x64 = Debug|x64
		Debug|x86 = Debug|x86
		Release|x64 = Release|x64
		Release|x86 = Release|x86
	EndGlobalSection
	GlobalSection(ProjectConfigurationPlatforms) = postSolution
		{A169FC11-A19C-4492-9DBA-35E8546294B3}.Debug|x64.ActiveCfg = Debug|x64
		{A169FC11-A19C-4492-9DBA-35E8546294B3}.Debug|x64.Build.0 = Debug|x64
		{A169FC11-A19C-4492-9DBA-35E8546294B3}.Debug|x86.ActiveCfg = Debug|Win32
		{A169FC11-A19C-4492-9DBA-35E8546294B3}.Debug|x86.Build.0 = Debug|Win32
		{A169FC11-A19C-4492-9DBA-35E8546294B3}.Release|x64.ActiveCfg = Release|x64
		{A169FC11-A19C-4492-9DBA-35E8546294B3}.Release|x64.Build.0 = Release|x64
		{A169FC11-A19C-4492-9DBA-35E8546294B3}.Release|x86.ActiveCfg = Release|Win32
		{A169FC11-A19C-4492-9DBA-35E8546294B3}.Release|x86.Build.0 = Release|Win32
	EndGlobalSection
	GlobalSection(SolutionProperties) = preSolution
		HideSolutionNode = FALSE
	EndGlobalSection
	GlobalSection(ExtensibilityGlobals) = postSolution
		SolutionGuid = {BFA74132-DA38-43D5-BCED-DA0B175F1540}
	EndGlobalSection
EndGlobal
