
Microsoft Visual Studio Solution File, Format Version 12.00
# Visual Studio 15
VisualStudioVersion = 15.0.28307.645
MinimumVisualStudioVersion = 10.0.40219.1
Project("{8BC9CEB8-8B4A-11D0-8D11-00A0C91BC942}") = "Project4", "Project4\Project4.vcxproj", "{339792D6-F5AF-45F2-9EFB-7DF2233A2398}"
EndProject
Global
	GlobalSection(SolutionConfigurationPlatforms) = preSolution
		Debug|x64 = Debug|x64
		Debug|x86 = Debug|x86
		Release|x64 = Release|x64
		Release|x86 = Release|x86
	EndGlobalSection
	GlobalSection(ProjectConfigurationPlatforms) = postSolution
		{339792D6-F5AF-45F2-9EFB-7DF2233A2398}.Debug|x64.ActiveCfg = Debug|x64
		{339792D6-F5AF-45F2-9EFB-7DF2233A2398}.Debug|x64.Build.0 = Debug|x64
		{339792D6-F5AF-45F2-9EFB-7DF2233A2398}.Debug|x86.ActiveCfg = Debug|Win32
		{339792D6-F5AF-45F2-9EFB-7DF2233A2398}.Debug|x86.Build.0 = Debug|Win32
		{339792D6-F5AF-45F2-9EFB-7DF2233A2398}.Release|x64.ActiveCfg = Release|x64
		{339792D6-F5AF-45F2-9EFB-7DF2233A2398}.Release|x64.Build.0 = Release|x64
		{339792D6-F5AF-45F2-9EFB-7DF2233A2398}.Release|x86.ActiveCfg = Release|Win32
		{339792D6-F5AF-45F2-9EFB-7DF2233A2398}.Release|x86.Build.0 = Release|Win32
	EndGlobalSection
	GlobalSection(SolutionProperties) = preSolution
		HideSolutionNode = FALSE
	EndGlobalSection
	GlobalSection(ExtensibilityGlobals) = postSolution
		SolutionGuid = {7410705B-F332-4322-B1E4-1ECA56B2753E}
	EndGlobalSection
EndGlobal
